<?xml version="1.0" encoding="utf-8"?>
<Project ToolsVersion="4.0" xmlns="http://schemas.microsoft.com/developer/msbuild/2003">
  <ItemGroup>
    <Filter Include="소스 파일">
      <UniqueIdentifier>{4FC737F1-C7A5-4376-A066-2A32D752A2FF}</UniqueIdentifier>
      <Extensions>cpp;c;cc;cxx;c++;cppm;ixx;def;odl;idl;hpj;bat;asm;asmx</Extensions>
    </Filter>
    <Filter Include="헤더 파일">
      <UniqueIdentifier>{93995380-89BD-4b04-88EB-625FBE52EBFB}</UniqueIdentifier>
      <Extensions>h;hh;hpp;hxx;h++;hm;inl;inc;ipp;xsd</Extensions>
    </Filter>
    <Filter Include="External">
      <UniqueIdentifier>{71aa9899-28ab-44de-a964-437454a88759}</UniqueIdentifier>
    </Filter>
    <Filter Include="Shader">
      <UniqueIdentifier>{0b4dd9dd-53f9-4b72-8a88-0c45f82be677}</UniqueIdentifier>
    </Filter>
    <Filter Include="Shader\EmitterDraw">
      <UniqueIdentifier>{78304fac-1893-4339-8060-50f5be8c2fa8}</UniqueIdentifier>
    </Filter>
    <Filter Include="Shader\Particle">
      <UniqueIdentifier>{68488469-b755-414f-a52b-ec9cc4d6a3f6}</UniqueIdentifier>
    </Filter>
    <Filter Include="Shader\Particle\ParticleDraw">
      <UniqueIdentifier>{40b1b466-11f0-4f5a-9354-0a730ab1ef35}</UniqueIdentifier>
    </Filter>
    <Filter Include="소스 파일\UI">
      <UniqueIdentifier>{739f7dbc-b303-4b2c-8816-9279efc99deb}</UniqueIdentifier>
    </Filter>
    <Filter Include="헤더 파일\UI">
      <UniqueIdentifier>{9619344b-2ad0-45a4-871a-594f83c59cdd}</UniqueIdentifier>
    </Filter>
    <Filter Include="Shader\Particle\ExecuteEmitter">
      <UniqueIdentifier>{20b98071-57f6-4f48-9361-28d155ba720b}</UniqueIdentifier>
    </Filter>
    <Filter Include="Shader\Particle\ExecuteEmitter\Source">
      <UniqueIdentifier>{9d2cebf0-b8b2-4967-aab1-2719eced9fa1}</UniqueIdentifier>
    </Filter>
    <Filter Include="Shader\Particle\ExecuteEmitter\Pooling">
      <UniqueIdentifier>{e7ccd3b2-1121-4369-a7c4-4b317e72518b}</UniqueIdentifier>
    </Filter>
    <Filter Include="Shader\Particle\ExecuteEmitter\Initalize">
      <UniqueIdentifier>{2621a41f-4130-4e25-bd68-bb4cf99e1ee5}</UniqueIdentifier>
    </Filter>
    <Filter Include="Shader\Particle\ExecuteEmitter\Sorting">
      <UniqueIdentifier>{4a72e4be-fc3b-4514-a038-447b28caa182}</UniqueIdentifier>
    </Filter>
    <Filter Include="Shader\Particle\ExecuteEmitter\CaculateForce">
      <UniqueIdentifier>{ea9671aa-67ce-43da-9b1f-8cbc51677135}</UniqueIdentifier>
    </Filter>
    <Filter Include="Shader\Interpolater">
      <UniqueIdentifier>{575a8112-5dc0-44d3-8b09-80b5fce09974}</UniqueIdentifier>
    </Filter>
    <Filter Include="헤더 파일\Interpolater">
      <UniqueIdentifier>{f075a1ab-bc9f-4799-8ba6-57d57e46fa7e}</UniqueIdentifier>
    </Filter>
    <Filter Include="헤더 파일\Interpolater\Structure">
      <UniqueIdentifier>{1b32ddbf-9a1a-4084-b982-42efa12a26bb}</UniqueIdentifier>
    </Filter>
    <Filter Include="헤더 파일\Utilities">
      <UniqueIdentifier>{8228aaf2-3b49-4106-a598-1a61a1a90860}</UniqueIdentifier>
    </Filter>
    <Filter Include="소스 파일\Utilities">
      <UniqueIdentifier>{177f6ab8-c98f-4053-8c07-27eafcf7afd3}</UniqueIdentifier>
    </Filter>
    <Filter Include="소스 파일\EmitterSystem">
      <UniqueIdentifier>{f3cf7ca6-b449-44b5-9ce6-bb5c0ac7b795}</UniqueIdentifier>
    </Filter>
    <Filter Include="소스 파일\EmitterSystem\Model">
      <UniqueIdentifier>{2bffac91-cbc4-4575-84b6-833768272db6}</UniqueIdentifier>
    </Filter>
    <Filter Include="소스 파일\EmitterSystem\Emitter">
      <UniqueIdentifier>{2ed0f448-6c01-4cb1-b996-ef1992c4e507}</UniqueIdentifier>
    </Filter>
    <Filter Include="소스 파일\EmitterSystem\Emitter\Property">
      <UniqueIdentifier>{5bb1e998-47f5-4085-b585-957d764e5284}</UniqueIdentifier>
    </Filter>
    <Filter Include="소스 파일\EmitterSystem\EmitterManager">
      <UniqueIdentifier>{198e43d0-0740-4739-add3-c5a51b4ddd09}</UniqueIdentifier>
    </Filter>
    <Filter Include="헤더 파일\EmitterSystem">
      <UniqueIdentifier>{6635f9a3-43a9-4a2d-8566-6b772e81914f}</UniqueIdentifier>
    </Filter>
    <Filter Include="헤더 파일\EmitterSystem\Model">
      <UniqueIdentifier>{d7f28942-a5f3-46fc-998c-70ad9dc2d7e2}</UniqueIdentifier>
    </Filter>
    <Filter Include="헤더 파일\EmitterSystem\Emitter">
      <UniqueIdentifier>{4d9c18d7-bbdd-433d-a436-0e2eb2a80628}</UniqueIdentifier>
    </Filter>
    <Filter Include="헤더 파일\EmitterSystem\Emitter\Property">
      <UniqueIdentifier>{d190294b-5c93-42b0-bf3d-ffe4a0d5230f}</UniqueIdentifier>
    </Filter>
    <Filter Include="헤더 파일\EmitterSystem\Emitter\Property\Structure">
      <UniqueIdentifier>{36de72b9-d18a-4a32-9913-a9b1d7e7be1f}</UniqueIdentifier>
    </Filter>
    <Filter Include="헤더 파일\EmitterSystem\EmitterManager">
      <UniqueIdentifier>{a0286594-b018-4141-b1af-b6fb85b6c42b}</UniqueIdentifier>
    </Filter>
    <Filter Include="헤더 파일\Interface">
      <UniqueIdentifier>{c91712ec-0a00-4f4f-9719-be132f5fdae7}</UniqueIdentifier>
    </Filter>
    <Filter Include="헤더 파일\EmitterSystem\Emitter\Extended">
      <UniqueIdentifier>{e8b79943-339b-41b4-b55f-254dafd67cee}</UniqueIdentifier>
    </Filter>
    <Filter Include="소스 파일\EmitterSystem\Emitter\Extended">
      <UniqueIdentifier>{3681d7f8-705d-4656-bd9d-e3e7cd65d176}</UniqueIdentifier>
    </Filter>
    <Filter Include="소스 파일\Interface">
      <UniqueIdentifier>{6fead2d8-039e-4d5a-befb-4068d05282a8}</UniqueIdentifier>
    </Filter>
  </ItemGroup>
  <ItemGroup>
    <ClCompile Include="main.cpp">
      <Filter>소스 파일</Filter>
    </ClCompile>
    <ClCompile Include="ProjectAApp.cpp">
      <Filter>소스 파일</Filter>
    </ClCompile>
    <ClCompile Include="External\imgui_impl_dx11.cpp">
      <Filter>External</Filter>
    </ClCompile>
    <ClCompile Include="External\imgui_impl_win32.cpp">
      <Filter>External</Filter>
    </ClCompile>
    <ClCompile Include="EmitterManager.cpp">
      <Filter>소스 파일\EmitterSystem\EmitterManager</Filter>
    </ClCompile>
    <ClCompile Include="Model.cpp">
      <Filter>소스 파일\EmitterSystem\Model</Filter>
    </ClCompile>
    <ClCompile Include="Camera.cpp">
      <Filter>소스 파일\EmitterSystem</Filter>
    </ClCompile>
    <ClCompile Include="AEmitter.cpp">
      <Filter>소스 파일\EmitterSystem\Emitter</Filter>
    </ClCompile>
    <ClCompile Include="BaseEmitterSpawnProperty.cpp">
      <Filter>소스 파일\EmitterSystem\Emitter\Property</Filter>
    </ClCompile>
    <ClCompile Include="BaseEmitterUpdateProperty.cpp">
      <Filter>소스 파일\EmitterSystem\Emitter\Property</Filter>
    </ClCompile>
    <ClCompile Include="BaseParticleSpawnProperty.cpp">
      <Filter>소스 파일\EmitterSystem\Emitter\Property</Filter>
    </ClCompile>
    <ClCompile Include="BaseParticleUpdateProperty.cpp">
      <Filter>소스 파일\EmitterSystem\Emitter\Property</Filter>
    </ClCompile>
    <ClCompile Include="ShapedVectorSelector.cpp">
      <Filter>소스 파일\UI</Filter>
    </ClCompile>
    <ClCompile Include="InterpolaterSelector.cpp">
      <Filter>소스 파일\UI</Filter>
    </ClCompile>
    <ClCompile Include="EmitterSelector.cpp">
      <Filter>소스 파일\UI</Filter>
    </ClCompile>
    <ClCompile Include="EmitterStaticData.cpp">
      <Filter>소스 파일\EmitterSystem\Emitter</Filter>
    </ClCompile>
    <ClCompile Include="GlobalVariable.cpp">
      <Filter>소스 파일\Utilities</Filter>
    </ClCompile>
    <ClCompile Include="ModelFactory.cpp">
      <Filter>소스 파일\Utilities</Filter>
    </ClCompile>
    <ClCompile Include="EmitterManagerStaticData.cpp">
      <Filter>소스 파일\EmitterSystem\EmitterManager</Filter>
    </ClCompile>
    <ClCompile Include="ParticleEmitter.cpp">
      <Filter>소스 파일\EmitterSystem\Emitter\Extended</Filter>
    </ClCompile>
    <ClCompile Include="ISerializable.cpp">
      <Filter>소스 파일\Interface</Filter>
    </ClCompile>
  </ItemGroup>
  <ItemGroup>
    <ClInclude Include="ProjectAApp.h">
      <Filter>헤더 파일</Filter>
    </ClInclude>
    <ClInclude Include="External\imgui_impl_dx11.h">
      <Filter>External</Filter>
    </ClInclude>
    <ClInclude Include="External\imgui_impl_win32.h">
      <Filter>External</Filter>
    </ClInclude>
    <ClInclude Include="EmitterManager.h">
      <Filter>헤더 파일\EmitterSystem\EmitterManager</Filter>
    </ClInclude>
    <ClInclude Include="Model.h">
      <Filter>헤더 파일\EmitterSystem\Model</Filter>
    </ClInclude>
    <ClInclude Include="Camera.h">
      <Filter>헤더 파일\EmitterSystem</Filter>
    </ClInclude>
    <ClInclude Include="AEmitter.h">
      <Filter>헤더 파일\EmitterSystem\Emitter</Filter>
    </ClInclude>
    <ClInclude Include="BaseEmitterSpawnProperty.h">
      <Filter>헤더 파일\EmitterSystem\Emitter\Property</Filter>
    </ClInclude>
    <ClInclude Include="BaseEmitterUpdateProperty.h">
      <Filter>헤더 파일\EmitterSystem\Emitter\Property</Filter>
    </ClInclude>
    <ClInclude Include="BaseParticleSpawnProperty.h">
      <Filter>헤더 파일\EmitterSystem\Emitter\Property</Filter>
    </ClInclude>
    <ClInclude Include="BaseParticleUpdateProperty.h">
      <Filter>헤더 파일\EmitterSystem\Emitter\Property</Filter>
    </ClInclude>
    <ClInclude Include="ShapedVectorSelector.h">
      <Filter>헤더 파일\UI</Filter>
    </ClInclude>
    <ClInclude Include="InterpolaterSelector.h">
      <Filter>헤더 파일\UI</Filter>
    </ClInclude>
    <ClInclude Include="BaseSelector.h">
      <Filter>헤더 파일\UI</Filter>
    </ClInclude>
    <ClInclude Include="EmitterSelector.h">
      <Filter>헤더 파일\UI</Filter>
    </ClInclude>
    <ClInclude Include="MacroUtilities.h">
      <Filter>헤더 파일\Utilities</Filter>
    </ClInclude>
    <ClInclude Include="DefineLinkedWithShader.h">
      <Filter>헤더 파일\Utilities</Filter>
    </ClInclude>
    <ClInclude Include="Interpolater.h">
      <Filter>헤더 파일\Interpolater</Filter>
    </ClInclude>
    <ClInclude Include="LinearInterpolater.h">
      <Filter>헤더 파일\Interpolater</Filter>
    </ClInclude>
    <ClInclude Include="CatmullRomInterpolater.h">
      <Filter>헤더 파일\Interpolater</Filter>
    </ClInclude>
    <ClInclude Include="ControlPointGridView.h">
      <Filter>헤더 파일\UI</Filter>
    </ClInclude>
    <ClInclude Include="CubicSplineInterpolater.h">
      <Filter>헤더 파일\Interpolater</Filter>
    </ClInclude>
    <ClInclude Include="ShapedVectorProperty.h">
      <Filter>헤더 파일\EmitterSystem\Emitter\Property\Structure</Filter>
    </ClInclude>
    <ClInclude Include="EmitterForceProperty.h">
      <Filter>헤더 파일\EmitterSystem\Emitter\Property\Structure</Filter>
    </ClInclude>
    <ClInclude Include="InterpolaterStructure.h">
      <Filter>헤더 파일\Interpolater\Structure</Filter>
    </ClInclude>
    <ClInclude Include="GPUInterpolater.h">
      <Filter>헤더 파일\Interpolater</Filter>
    </ClInclude>
    <ClInclude Include="GlobalVariable.h">
      <Filter>헤더 파일\Utilities</Filter>
    </ClInclude>
    <ClInclude Include="ModelFactory.h">
      <Filter>헤더 파일\Utilities</Filter>
    </ClInclude>
    <ClInclude Include="EmitterStaticData.h">
      <Filter>헤더 파일\EmitterSystem\Emitter</Filter>
    </ClInclude>
    <ClInclude Include="EmitterManagerStaticData.h">
      <Filter>헤더 파일\EmitterSystem\EmitterManager</Filter>
    </ClInclude>
    <ClInclude Include="IUpdatable.h">
      <Filter>헤더 파일\Interface</Filter>
    </ClInclude>
    <ClInclude Include="IProperty.h">
      <Filter>헤더 파일\Interface</Filter>
    </ClInclude>
    <ClInclude Include="ISerializable.h">
      <Filter>헤더 파일\Interface</Filter>
    </ClInclude>
    <ClInclude Include="ParticleEmitter.h">
      <Filter>헤더 파일\EmitterSystem\Emitter\Extended</Filter>
    </ClInclude>
  </ItemGroup>
  <ItemGroup>
    <None Include="vcpkg.json" />
    <None Include="EmitterDrawCommon.hlsli">
      <Filter>Shader\EmitterDraw</Filter>
    </None>
    <None Include="ParticleDrawCommon.hlsli">
      <Filter>Shader\Particle\ParticleDraw</Filter>
    </None>
    <None Include="ParticleCommon.hlsli">
      <Filter>Shader\Particle</Filter>
    </None>
    <None Include="SourceCommon.hlsli">
      <Filter>Shader\Particle\ExecuteEmitter\Source</Filter>
    </None>
    <None Include="PoolingCommon.hlsli">
      <Filter>Shader\Particle\ExecuteEmitter\Pooling</Filter>
    </None>
    <None Include="CaculateForceCommon.hlsli">
      <Filter>Shader\Particle\ExecuteEmitter\CaculateForce</Filter>
    </None>
    <None Include="DefineLinkedWithCpp.hlsli">
      <Filter>Shader</Filter>
    </None>
    <None Include="SortingCommon.hlsli">
      <Filter>Shader\Particle\ExecuteEmitter\Sorting</Filter>
    </None>
    <None Include="InterpolaterHelper.hlsli">
      <Filter>Shader\Interpolater</Filter>
    </None>
  </ItemGroup>
  <ItemGroup>
    <FxCompile Include="EmitterDrawPS.hlsl">
      <Filter>Shader\EmitterDraw</Filter>
    </FxCompile>
    <FxCompile Include="EmitterDrawVS.hlsl">
      <Filter>Shader\EmitterDraw</Filter>
    </FxCompile>
    <FxCompile Include="ParticleDrawVS.hlsl">
      <Filter>Shader\Particle\ParticleDraw</Filter>
    </FxCompile>
    <FxCompile Include="ParticleDrawGS.hlsl">
      <Filter>Shader\Particle\ParticleDraw</Filter>
    </FxCompile>
    <FxCompile Include="ParticleDrawPS.hlsl">
      <Filter>Shader\Particle\ParticleDraw</Filter>
    </FxCompile>
    <FxCompile Include="CalculateIndexPrefixSumCS.hlsl">
      <Filter>Shader\Particle\ExecuteEmitter\Pooling</Filter>
    </FxCompile>
    <FxCompile Include="UpdateCurrentIndicesCS.hlsl">
      <Filter>Shader\Particle\ExecuteEmitter\Pooling</Filter>
    </FxCompile>
    <FxCompile Include="ParticleSourceCS.hlsl">
      <Filter>Shader\Particle\ExecuteEmitter\Source</Filter>
    </FxCompile>
    <FxCompile Include="CalculateParticleForceCS.hlsl">
      <Filter>Shader\Particle\ExecuteEmitter\CaculateForce</Filter>
    </FxCompile>
    <FxCompile Include="InitializeParticleSetCS.hlsl">
      <Filter>Shader\Particle\ExecuteEmitter\Initalize</Filter>
    </FxCompile>
    <FxCompile Include="IndexRadixSortCS.hlsl">
      <Filter>Shader\Particle\ExecuteEmitter\Sorting</Filter>
    </FxCompile>
  </ItemGroup>
</Project>