<?xml version="1.0" encoding="utf-8"?>
<Project ToolsVersion="4.0" xmlns="http://schemas.microsoft.com/developer/msbuild/2003">
  <ItemGroup>
    <Filter Include="소스 파일">
      <UniqueIdentifier>{4FC737F1-C7A5-4376-A066-2A32D752A2FF}</UniqueIdentifier>
      <Extensions>cpp;c;cc;cxx;c++;cppm;ixx;def;odl;idl;hpj;bat;asm;asmx</Extensions>
    </Filter>
    <Filter Include="헤더 파일">
      <UniqueIdentifier>{93995380-89BD-4b04-88EB-625FBE52EBFB}</UniqueIdentifier>
      <Extensions>h;hh;hpp;hxx;h++;hm;inl;inc;ipp;xsd</Extensions>
    </Filter>
    <Filter Include="External">
      <UniqueIdentifier>{71aa9899-28ab-44de-a964-437454a88759}</UniqueIdentifier>
    </Filter>
    <Filter Include="헤더 파일\Updatable">
      <UniqueIdentifier>{6635f9a3-43a9-4a2d-8566-6b772e81914f}</UniqueIdentifier>
    </Filter>
    <Filter Include="소스 파일\Updatable">
      <UniqueIdentifier>{f3cf7ca6-b449-44b5-9ce6-bb5c0ac7b795}</UniqueIdentifier>
    </Filter>
    <Filter Include="헤더 파일\Updatable\Model">
      <UniqueIdentifier>{d7f28942-a5f3-46fc-998c-70ad9dc2d7e2}</UniqueIdentifier>
    </Filter>
    <Filter Include="헤더 파일\Updatable\ParticleSystem">
      <UniqueIdentifier>{a0286594-b018-4141-b1af-b6fb85b6c42b}</UniqueIdentifier>
    </Filter>
    <Filter Include="소스 파일\Updatable\Model">
      <UniqueIdentifier>{2bffac91-cbc4-4575-84b6-833768272db6}</UniqueIdentifier>
    </Filter>
    <Filter Include="소스 파일\Updatable\ParticleSystem">
      <UniqueIdentifier>{198e43d0-0740-4739-add3-c5a51b4ddd09}</UniqueIdentifier>
    </Filter>
    <Filter Include="Shader">
      <UniqueIdentifier>{0b4dd9dd-53f9-4b72-8a88-0c45f82be677}</UniqueIdentifier>
    </Filter>
    <Filter Include="Shader\EmitterDraw">
      <UniqueIdentifier>{78304fac-1893-4339-8060-50f5be8c2fa8}</UniqueIdentifier>
    </Filter>
    <Filter Include="Shader\Particle">
      <UniqueIdentifier>{68488469-b755-414f-a52b-ec9cc4d6a3f6}</UniqueIdentifier>
    </Filter>
    <Filter Include="Shader\Particle\ParticleDraw">
      <UniqueIdentifier>{40b1b466-11f0-4f5a-9354-0a730ab1ef35}</UniqueIdentifier>
    </Filter>
    <Filter Include="Shader\Particle\ParticleSimulation">
      <UniqueIdentifier>{20b98071-57f6-4f48-9361-28d155ba720b}</UniqueIdentifier>
    </Filter>
  </ItemGroup>
  <ItemGroup>
    <ClCompile Include="main.cpp">
      <Filter>소스 파일</Filter>
    </ClCompile>
    <ClCompile Include="ProjectAApp.cpp">
      <Filter>소스 파일</Filter>
    </ClCompile>
    <ClCompile Include="External\imgui_impl_dx11.cpp">
      <Filter>External</Filter>
    </ClCompile>
    <ClCompile Include="External\imgui_impl_win32.cpp">
      <Filter>External</Filter>
    </ClCompile>
    <ClCompile Include="ParticleManager.cpp">
      <Filter>소스 파일\Updatable\ParticleSystem</Filter>
    </ClCompile>
    <ClCompile Include="ParticleEmitter.cpp">
      <Filter>소스 파일\Updatable\ParticleSystem</Filter>
    </ClCompile>
    <ClCompile Include="Model.cpp">
      <Filter>소스 파일\Updatable\Model</Filter>
    </ClCompile>
    <ClCompile Include="ModelFactory.cpp">
      <Filter>소스 파일</Filter>
    </ClCompile>
    <ClCompile Include="Camera.cpp">
      <Filter>소스 파일\Updatable</Filter>
    </ClCompile>
    <ClCompile Include="GlobalVariable.cpp">
      <Filter>소스 파일</Filter>
    </ClCompile>
  </ItemGroup>
  <ItemGroup>
    <ClInclude Include="ProjectAApp.h">
      <Filter>헤더 파일</Filter>
    </ClInclude>
    <ClInclude Include="External\imgui_impl_dx11.h">
      <Filter>External</Filter>
    </ClInclude>
    <ClInclude Include="External\imgui_impl_win32.h">
      <Filter>External</Filter>
    </ClInclude>
    <ClInclude Include="MacroUtilities.h">
      <Filter>헤더 파일</Filter>
    </ClInclude>
    <ClInclude Include="ParticleManager.h">
      <Filter>헤더 파일\Updatable\ParticleSystem</Filter>
    </ClInclude>
    <ClInclude Include="ParticleEmitter.h">
      <Filter>헤더 파일\Updatable\ParticleSystem</Filter>
    </ClInclude>
    <ClInclude Include="Model.h">
      <Filter>헤더 파일\Updatable\Model</Filter>
    </ClInclude>
    <ClInclude Include="ModelFactory.h">
      <Filter>헤더 파일</Filter>
    </ClInclude>
    <ClInclude Include="Camera.h">
      <Filter>헤더 파일\Updatable</Filter>
    </ClInclude>
    <ClInclude Include="Updatable.h">
      <Filter>헤더 파일\Updatable</Filter>
    </ClInclude>
    <ClInclude Include="GlobalVariable.h">
      <Filter>헤더 파일</Filter>
    </ClInclude>
  </ItemGroup>
  <ItemGroup>
    <None Include="vcpkg.json" />
    <None Include="EmitterDrawCommon.hlsli">
      <Filter>Shader\EmitterDraw</Filter>
    </None>
    <None Include="ParticleDrawCommon.hlsli">
      <Filter>Shader\Particle\ParticleDraw</Filter>
    </None>
    <None Include="ParticleCommon.hlsli">
      <Filter>Shader\Particle</Filter>
    </None>
    <None Include="ParticleSimulateCommon.hlsli">
      <Filter>Shader\Particle\ParticleSimulation</Filter>
    </None>
  </ItemGroup>
  <ItemGroup>
    <FxCompile Include="EmitterDrawPS.hlsl">
      <Filter>Shader\EmitterDraw</Filter>
    </FxCompile>
    <FxCompile Include="EmitterDrawVS.hlsl">
      <Filter>Shader\EmitterDraw</Filter>
    </FxCompile>
    <FxCompile Include="ParticleDrawVS.hlsl">
      <Filter>Shader\Particle\ParticleDraw</Filter>
    </FxCompile>
    <FxCompile Include="ParticleDrawGS.hlsl">
      <Filter>Shader\Particle\ParticleDraw</Filter>
    </FxCompile>
    <FxCompile Include="ParticleDrawPS.hlsl">
      <Filter>Shader\Particle\ParticleDraw</Filter>
    </FxCompile>
    <FxCompile Include="ParticleSimulateCS.hlsl">
      <Filter>Shader\Particle\ParticleSimulation</Filter>
    </FxCompile>
    <FxCompile Include="DefragmentPoolCS.hlsl">
      <Filter>Shader\Particle\ParticleSimulation</Filter>
    </FxCompile>
    <FxCompile Include="ParticleSourceCS.hlsl">
      <Filter>Shader\Particle\ParticleSimulation</Filter>
    </FxCompile>
    <FxCompile Include="SelectParticleSetCS.hlsl">
      <Filter>Shader\Particle\ParticleSimulation</Filter>
    </FxCompile>
  </ItemGroup>
</Project>